
Microsoft Visual Studio Solution File, Format Version 12.00
# Visual Studio Version 16
VisualStudioVersion = 16.0.31702.278
MinimumVisualStudioVersion = 10.0.40219.1
Project("{FAE04EC0-301F-11D3-BF4B-00C04F79EFBC}") = "Gun", "Gun\Gun.csproj", "{590DF812-31BA-404F-85B2-BE18285A7893}"
EndProject
Global
	GlobalSection(SolutionConfigurationPlatforms) = preSolution
		Debug|Any CPU = Debug|Any CPU
		Release|Any CPU = Release|Any CPU
	EndGlobalSection
	GlobalSection(ProjectConfigurationPlatforms) = postSolution
		{590DF812-31BA-404F-85B2-BE18285A7893}.Debug|Any CPU.ActiveCfg = Debug|Any CPU
		{590DF812-31BA-404F-85B2-BE18285A7893}.Debug|Any CPU.Build.0 = Debug|Any CPU
		{590DF812-31BA-404F-85B2-BE18285A7893}.Release|Any CPU.ActiveCfg = Release|Any CPU
		{590DF812-31BA-404F-85B2-BE18285A7893}.Release|Any CPU.Build.0 = Release|Any CPU
	EndGlobalSection
	GlobalSection(SolutionProperties) = preSolution
		HideSolutionNode = FALSE
	EndGlobalSection
	GlobalSection(ExtensibilityGlobals) = postSolution
		SolutionGuid = {6D9E9FB3-4CC4-4191-B733-62C49907F26E}
	EndGlobalSection
EndGlobal
